
Microsoft Visual Studio Solution File, Format Version 12.00
# Visual Studio Version 17
VisualStudioVersion = 17.14.36915.13
MinimumVisualStudioVersion = 10.0.40219.1
Project("{8BC9CEB8-8B4A-11D0-8D11-00A0C91BC942}") = "test_render", "test_render\test_render.vcxproj", "{35E0C7C6-E45B-4078-A197-19CD4806EC4E}"
EndProject
Project("{8BC9CEB8-8B4A-11D0-8D11-00A0C91BC942}") = "math", "math\math.vcxproj", "{0635FE4D-4B97-4A0C-BBDB-5B4F37F5E88F}"
EndProject
Project("{8BC9CEB8-8B4A-11D0-8D11-00A0C91BC942}") = "physics", "physics\physics.vcxproj", "{1F992AB8-AAF1-49DE-AFE0-FD1F229D4918}"
EndProject
Project("{8BC9CEB8-8B4A-11D0-8D11-00A0C91BC942}") = "rendering", "rendering\rendering.vcxproj", "{D06E5B55-7959-40CD-842A-9351379C1E55}"
EndProject
Project("{8BC9CEB8-8B4A-11D0-8D11-00A0C91BC942}") = "sandbox", "sandbox\sandbox.vcxproj", "{AF3C48F1-D4DA-4DC0-9A0A-9D7E92637848}"
EndProject
Project("{8BC9CEB8-8B4A-11D0-8D11-00A0C91BC942}") = "core", "core\core.vcxproj", "{A115FDFE-DEBE-42BC-B4A4-F1D851F06DD9}"
EndProject
Global
	GlobalSection(SolutionConfigurationPlatforms) = preSolution
		Debug|x64 = Debug|x64
		Debug|x86 = Debug|x86
		Release|x64 = Release|x64
		Release|x86 = Release|x86
	EndGlobalSection
	GlobalSection(ProjectConfigurationPlatforms) = postSolution
		{35E0C7C6-E45B-4078-A197-19CD4806EC4E}.Debug|x64.ActiveCfg = Debug|x64
		{35E0C7C6-E45B-4078-A197-19CD4806EC4E}.Debug|x64.Build.0 = Debug|x64
		{35E0C7C6-E45B-4078-A197-19CD4806EC4E}.Debug|x86.ActiveCfg = Debug|Win32
		{35E0C7C6-E45B-4078-A197-19CD4806EC4E}.Debug|x86.Build.0 = Debug|Win32
		{35E0C7C6-E45B-4078-A197-19CD4806EC4E}.Release|x64.ActiveCfg = Release|x64
		{35E0C7C6-E45B-4078-A197-19CD4806EC4E}.Release|x64.Build.0 = Release|x64
		{35E0C7C6-E45B-4078-A197-19CD4806EC4E}.Release|x86.ActiveCfg = Release|Win32
		{35E0C7C6-E45B-4078-A197-19CD4806EC4E}.Release|x86.Build.0 = Release|Win32
		{0635FE4D-4B97-4A0C-BBDB-5B4F37F5E88F}.Debug|x64.ActiveCfg = Debug|x64
		{0635FE4D-4B97-4A0C-BBDB-5B4F37F5E88F}.Debug|x64.Build.0 = Debug|x64
		{0635FE4D-4B97-4A0C-BBDB-5B4F37F5E88F}.Debug|x86.ActiveCfg = Debug|Win32
		{0635FE4D-4B97-4A0C-BBDB-5B4F37F5E88F}.Debug|x86.Build.0 = Debug|Win32
		{0635FE4D-4B97-4A0C-BBDB-5B4F37F5E88F}.Release|x64.ActiveCfg = Release|x64
		{0635FE4D-4B97-4A0C-BBDB-5B4F37F5E88F}.Release|x64.Build.0 = Release|x64
		{0635FE4D-4B97-4A0C-BBDB-5B4F37F5E88F}.Release|x86.ActiveCfg = Release|Win32
		{0635FE4D-4B97-4A0C-BBDB-5B4F37F5E88F}.Release|x86.Build.0 = Release|Win32
		{1F992AB8-AAF1-49DE-AFE0-FD1F229D4918}.Debug|x64.ActiveCfg = Debug|x64
		{1F992AB8-AAF1-49DE-AFE0-FD1F229D4918}.Debug|x64.Build.0 = Debug|x64
		{1F992AB8-AAF1-49DE-AFE0-FD1F229D4918}.Debug|x86.ActiveCfg = Debug|Win32
		{1F992AB8-AAF1-49DE-AFE0-FD1F229D4918}.Debug|x86.Build.0 = Debug|Win32
		{1F992AB8-AAF1-49DE-AFE0-FD1F229D4918}.Release|x64.ActiveCfg = Release|x64
		{1F992AB8-AAF1-49DE-AFE0-FD1F229D4918}.Release|x64.Build.0 = Release|x64
		{1F992AB8-AAF1-49DE-AFE0-FD1F229D4918}.Release|x86.ActiveCfg = Release|Win32
		{1F992AB8-AAF1-49DE-AFE0-FD1F229D4918}.Release|x86.Build.0 = Release|Win32
		{D06E5B55-7959-40CD-842A-9351379C1E55}.Debug|x64.ActiveCfg = Debug|x64
		{D06E5B55-7959-40CD-842A-9351379C1E55}.Debug|x64.Build.0 = Debug|x64
		{D06E5B55-7959-40CD-842A-9351379C1E55}.Debug|x86.ActiveCfg = Debug|Win32
		{D06E5B55-7959-40CD-842A-9351379C1E55}.Debug|x86.Build.0 = Debug|Win32
		{D06E5B55-7959-40CD-842A-9351379C1E55}.Release|x64.ActiveCfg = Release|x64
		{D06E5B55-7959-40CD-842A-9351379C1E55}.Release|x64.Build.0 = Release|x64
		{D06E5B55-7959-40CD-842A-9351379C1E55}.Release|x86.ActiveCfg = Release|Win32
		{D06E5B55-7959-40CD-842A-9351379C1E55}.Release|x86.Build.0 = Release|Win32
		{AF3C48F1-D4DA-4DC0-9A0A-9D7E92637848}.Debug|x64.ActiveCfg = Debug|x64
		{AF3C48F1-D4DA-4DC0-9A0A-9D7E92637848}.Debug|x64.Build.0 = Debug|x64
		{AF3C48F1-D4DA-4DC0-9A0A-9D7E92637848}.Debug|x86.ActiveCfg = Debug|Win32
		{AF3C48F1-D4DA-4DC0-9A0A-9D7E92637848}.Debug|x86.Build.0 = Debug|Win32
		{AF3C48F1-D4DA-4DC0-9A0A-9D7E92637848}.Release|x64.ActiveCfg = Release|x64
		{AF3C48F1-D4DA-4DC0-9A0A-9D7E92637848}.Release|x64.Build.0 = Release|x64
		{AF3C48F1-D4DA-4DC0-9A0A-9D7E92637848}.Release|x86.ActiveCfg = Release|Win32
		{AF3C48F1-D4DA-4DC0-9A0A-9D7E92637848}.Release|x86.Build.0 = Release|Win32
		{A115FDFE-DEBE-42BC-B4A4-F1D851F06DD9}.Debug|x64.ActiveCfg = Debug|x64
		{A115FDFE-DEBE-42BC-B4A4-F1D851F06DD9}.Debug|x64.Build.0 = Debug|x64
		{A115FDFE-DEBE-42BC-B4A4-F1D851F06DD9}.Debug|x86.ActiveCfg = Debug|Win32
		{A115FDFE-DEBE-42BC-B4A4-F1D851F06DD9}.Debug|x86.Build.0 = Debug|Win32
		{A115FDFE-DEBE-42BC-B4A4-F1D851F06DD9}.Release|x64.ActiveCfg = Release|x64
		{A115FDFE-DEBE-42BC-B4A4-F1D851F06DD9}.Release|x64.Build.0 = Release|x64
		{A115FDFE-DEBE-42BC-B4A4-F1D851F06DD9}.Release|x86.ActiveCfg = Release|Win32
		{A115FDFE-DEBE-42BC-B4A4-F1D851F06DD9}.Release|x86.Build.0 = Release|Win32
	EndGlobalSection
	GlobalSection(SolutionProperties) = preSolution
		HideSolutionNode = FALSE
	EndGlobalSection
	GlobalSection(ExtensibilityGlobals) = postSolution
		SolutionGuid = {E72816B9-4D7A-486D-9EFD-D371EAD35F8C}
	EndGlobalSection
EndGlobal
