<?xml version="1.0" encoding="utf-8"?>
<Project ToolsVersion="4.0" xmlns="http://schemas.microsoft.com/developer/msbuild/2003">
  <ItemGroup>
    <Filter Include="Resource Files">
      <UniqueIdentifier>{67DA6AB6-F800-4c08-8B7A-83BB121AAD01}</UniqueIdentifier>
      <Extensions>rc;ico;cur;bmp;dlg;rc2;rct;bin;rgs;gif;jpg;jpeg;jpe;resx;tiff;tif;png;wav;mfcribbon-ms</Extensions>
    </Filter>
    <Filter Include="src">
      <UniqueIdentifier>{4FC737F1-C7A5-4376-A066-2A32D752A2FF}</UniqueIdentifier>
      <Extensions>cpp;c;cc;cxx;c++;cppm;ixx;def;odl;idl;hpj;bat;asm;asmx</Extensions>
    </Filter>
    <Filter Include="src\bodies">
      <UniqueIdentifier>{3d27fd89-53a7-4552-85be-fdc90ec10397}</UniqueIdentifier>
    </Filter>
    <Filter Include="src\data_types">
      <UniqueIdentifier>{9c26fbd9-2d03-4dc7-8a1e-3c2a16e57eb3}</UniqueIdentifier>
    </Filter>
    <Filter Include="include">
      <UniqueIdentifier>{93995380-89BD-4b04-88EB-625FBE52EBFB}</UniqueIdentifier>
      <Extensions>h;hh;hpp;hxx;h++;hm;inl;inc;ipp;xsd</Extensions>
    </Filter>
    <Filter Include="include\constants">
      <UniqueIdentifier>{956f8a3f-0db3-46c1-9c7f-ac480c4801a1}</UniqueIdentifier>
    </Filter>
    <Filter Include="include\bodies">
      <UniqueIdentifier>{511018a3-1ec5-4da9-9624-aafb868050ee}</UniqueIdentifier>
    </Filter>
    <Filter Include="include\data_types">
      <UniqueIdentifier>{d168b36a-baa1-4198-8b53-f3ec6502033a}</UniqueIdentifier>
    </Filter>
    <Filter Include="include\shapes">
      <UniqueIdentifier>{d33e9422-b58c-4809-9bec-ef9535eb79d7}</UniqueIdentifier>
    </Filter>
    <Filter Include="src\shapes">
      <UniqueIdentifier>{b4fb7cb6-3504-41e8-9ea8-2ffd5b787307}</UniqueIdentifier>
    </Filter>
    <Filter Include="include\rendering">
      <UniqueIdentifier>{5a4593a5-4d50-4739-a6d9-b5a8ebf3e8c2}</UniqueIdentifier>
    </Filter>
    <Filter Include="src\rendering">
      <UniqueIdentifier>{28749d82-46e8-42bb-a9c5-de8e4d518f73}</UniqueIdentifier>
    </Filter>
    <Filter Include="include\math">
      <UniqueIdentifier>{f1a9e19e-fe4f-4c92-a2f0-408ffd518cef}</UniqueIdentifier>
    </Filter>
    <Filter Include="src\math">
      <UniqueIdentifier>{ac30c38f-7143-494d-a0f0-1678e977ff33}</UniqueIdentifier>
    </Filter>
  </ItemGroup>
  <ItemGroup>
    <ClInclude Include="vector3.h">
      <Filter>include\data_types</Filter>
    </ClInclude>
    <ClInclude Include="math.h">
      <Filter>include\math</Filter>
    </ClInclude>
    <ClInclude Include="constants.h">
      <Filter>include\constants</Filter>
    </ClInclude>
    <ClInclude Include="rigid_body.h">
      <Filter>include\bodies</Filter>
    </ClInclude>
    <ClInclude Include="entity.h">
      <Filter>include\bodies</Filter>
    </ClInclude>
    <ClInclude Include="quaternion.h">
      <Filter>include\data_types</Filter>
    </ClInclude>
    <ClInclude Include="shape.h">
      <Filter>include\shapes</Filter>
    </ClInclude>
    <ClInclude Include="mesh.h">
      <Filter>include\rendering</Filter>
    </ClInclude>
    <ClInclude Include="shader.h">
      <Filter>include\rendering</Filter>
    </ClInclude>
    <ClInclude Include="render_object.h">
      <Filter>include\rendering</Filter>
    </ClInclude>
    <ClInclude Include="sphere.h">
      <Filter>include\shapes</Filter>
    </ClInclude>
  </ItemGroup>
  <ItemGroup>
    <ClCompile Include="main.cpp" />
    <ClCompile Include="math.cpp">
      <Filter>src\math</Filter>
    </ClCompile>
    <ClCompile Include="rigid_body.cpp">
      <Filter>src\bodies</Filter>
    </ClCompile>
    <ClCompile Include="vector3.cpp">
      <Filter>src\data_types</Filter>
    </ClCompile>
    <ClCompile Include="entity.cpp">
      <Filter>src\bodies</Filter>
    </ClCompile>
    <ClCompile Include="quaternion.cpp">
      <Filter>src\data_types</Filter>
    </ClCompile>
    <ClCompile Include="shape.cpp">
      <Filter>src\shapes</Filter>
    </ClCompile>
    <ClCompile Include="mesh.cpp">
      <Filter>src\rendering</Filter>
    </ClCompile>
    <ClCompile Include="shader.cpp">
      <Filter>src\rendering</Filter>
    </ClCompile>
    <ClCompile Include="render_object.cpp">
      <Filter>src\rendering</Filter>
    </ClCompile>
    <ClCompile Include="sphere.cpp">
      <Filter>src\shapes</Filter>
    </ClCompile>
  </ItemGroup>
</Project>